
Microsoft Visual Studio Solution File, Format Version 12.00
# Visual Studio Version 16
VisualStudioVersion = 16.0.30804.86
MinimumVisualStudioVersion = 10.0.40219.1
Project("{FAE04EC0-301F-11D3-BF4B-00C04F79EFBC}") = "MakeTriangle", "MakeTriangle.csproj", "{3BF65A5B-1666-461F-B207-0F2971998F7A}"
EndProject
Global
	GlobalSection(SolutionConfigurationPlatforms) = preSolution
		Debug|Any CPU = Debug|Any CPU
		Release|Any CPU = Release|Any CPU
	EndGlobalSection
	GlobalSection(ProjectConfigurationPlatforms) = postSolution
		{3BF65A5B-1666-461F-B207-0F2971998F7A}.Debug|Any CPU.ActiveCfg = Debug|Any CPU
		{3BF65A5B-1666-461F-B207-0F2971998F7A}.Debug|Any CPU.Build.0 = Debug|Any CPU
		{3BF65A5B-1666-461F-B207-0F2971998F7A}.Release|Any CPU.ActiveCfg = Release|Any CPU
		{3BF65A5B-1666-461F-B207-0F2971998F7A}.Release|Any CPU.Build.0 = Release|Any CPU
	EndGlobalSection
	GlobalSection(SolutionProperties) = preSolution
		HideSolutionNode = FALSE
	EndGlobalSection
	GlobalSection(ExtensibilityGlobals) = postSolution
		SolutionGuid = {511888A6-87C0-4F7D-ACFD-96046ABD80F5}
	EndGlobalSection
EndGlobal
